
Microsoft Visual Studio Solution File, Format Version 12.00
# Visual Studio Version 17
VisualStudioVersion = 17.3.32825.248
MinimumVisualStudioVersion = 10.0.40219.1
Project("{FAE04EC0-301F-11D3-BF4B-00C04F79EFBC}") = "dz 1.02", "dz 1.02.csproj", "{B8016BB9-8C3E-4A69-AA2D-90A897ECCC08}"
EndProject
Global
	GlobalSection(SolutionConfigurationPlatforms) = preSolution
		Debug|Any CPU = Debug|Any CPU
		Release|Any CPU = Release|Any CPU
	EndGlobalSection
	GlobalSection(ProjectConfigurationPlatforms) = postSolution
		{B8016BB9-8C3E-4A69-AA2D-90A897ECCC08}.Debug|Any CPU.ActiveCfg = Debug|Any CPU
		{B8016BB9-8C3E-4A69-AA2D-90A897ECCC08}.Debug|Any CPU.Build.0 = Debug|Any CPU
		{B8016BB9-8C3E-4A69-AA2D-90A897ECCC08}.Release|Any CPU.ActiveCfg = Release|Any CPU
		{B8016BB9-8C3E-4A69-AA2D-90A897ECCC08}.Release|Any CPU.Build.0 = Release|Any CPU
	EndGlobalSection
	GlobalSection(SolutionProperties) = preSolution
		HideSolutionNode = FALSE
	EndGlobalSection
	GlobalSection(ExtensibilityGlobals) = postSolution
		SolutionGuid = {07D5FF73-903D-4EAB-9AE2-5259A16F2B2D}
	EndGlobalSection
EndGlobal
